
Microsoft Visual Studio Solution File, Format Version 12.00
# Visual Studio Version 16
VisualStudioVersion = 16.0.29911.84
MinimumVisualStudioVersion = 10.0.40219.1
Project("{FAE04EC0-301F-11D3-BF4B-00C04F79EFBC}") = "ServiceDataBase", "ServiceDataBase\ServiceDataBase.csproj", "{24A89A88-72B2-4025-A8B0-B24ADEF4B4E8}"
EndProject
Global
	GlobalSection(SolutionConfigurationPlatforms) = preSolution
		Debug|Any CPU = Debug|Any CPU
		Release|Any CPU = Release|Any CPU
	EndGlobalSection
	GlobalSection(ProjectConfigurationPlatforms) = postSolution
		{24A89A88-72B2-4025-A8B0-B24ADEF4B4E8}.Debug|Any CPU.ActiveCfg = Debug|Any CPU
		{24A89A88-72B2-4025-A8B0-B24ADEF4B4E8}.Debug|Any CPU.Build.0 = Debug|Any CPU
		{24A89A88-72B2-4025-A8B0-B24ADEF4B4E8}.Release|Any CPU.ActiveCfg = Release|Any CPU
		{24A89A88-72B2-4025-A8B0-B24ADEF4B4E8}.Release|Any CPU.Build.0 = Release|Any CPU
	EndGlobalSection
	GlobalSection(SolutionProperties) = preSolution
		HideSolutionNode = FALSE
	EndGlobalSection
	GlobalSection(ExtensibilityGlobals) = postSolution
		SolutionGuid = {182E009F-481E-425F-A57B-AD59F38E2465}
	EndGlobalSection
EndGlobal
